
Microsoft Visual Studio Solution File, Format Version 12.00
# Visual Studio Version 17
VisualStudioVersion = 17.4.33205.214
MinimumVisualStudioVersion = 10.0.40219.1
Project("{9A19103F-16F7-4668-BE54-9A1E7A4F7556}") = "WebApp", "WebApp\WebApp.csproj", "{790B6135-E061-4A5E-94FB-E909A7B81F04}"
EndProject
Global
	GlobalSection(SolutionConfigurationPlatforms) = preSolution
		Debug|Any CPU = Debug|Any CPU
		Release|Any CPU = Release|Any CPU
	EndGlobalSection
	GlobalSection(ProjectConfigurationPlatforms) = postSolution
		{790B6135-E061-4A5E-94FB-E909A7B81F04}.Debug|Any CPU.ActiveCfg = Debug|Any CPU
		{790B6135-E061-4A5E-94FB-E909A7B81F04}.Debug|Any CPU.Build.0 = Debug|Any CPU
		{790B6135-E061-4A5E-94FB-E909A7B81F04}.Release|Any CPU.ActiveCfg = Release|Any CPU
		{790B6135-E061-4A5E-94FB-E909A7B81F04}.Release|Any CPU.Build.0 = Release|Any CPU
	EndGlobalSection
	GlobalSection(SolutionProperties) = preSolution
		HideSolutionNode = FALSE
	EndGlobalSection
	GlobalSection(ExtensibilityGlobals) = postSolution
		SolutionGuid = {940F2AE1-CB42-48D6-8619-58C519074E91}
	EndGlobalSection
EndGlobal
